Microsoft Visual Studio Solution File, Format Version 11.00
# Visual Studio 2008

Project("{4D4E9EEF-93EB-CEF4-A668-7F9589C218C8}") = "updated_cube game", "Assembly-CSharp-vs.csproj", "{EB179D1D-D858-CFEC-1C13-ABF490C39B1A}"
EndProject
Global
	GlobalSection(SolutionConfigurationPlatforms) = preSolution
		Debug|Any CPU = Debug|Any CPU
		Release|Any CPU = Release|Any CPU
	EndGlobalSection
	GlobalSection(ProjectConfigurationPlatforms) = postSolution
		{EB179D1D-D858-CFEC-1C13-ABF490C39B1A}.Debug|Any CPU.ActiveCfg = Debug|Any CPU
		{EB179D1D-D858-CFEC-1C13-ABF490C39B1A}.Debug|Any CPU.Build.0 = Debug|Any CPU
		{EB179D1D-D858-CFEC-1C13-ABF490C39B1A}.Release|Any CPU.ActiveCfg = Release|Any CPU
		{EB179D1D-D858-CFEC-1C13-ABF490C39B1A}.Release|Any CPU.Build.0 = Release|Any CPU
	EndGlobalSection
	GlobalSection(SolutionProperties) = preSolution
		HideSolutionNode = FALSE
	EndGlobalSection
			GlobalSection(MonoDevelopProperties) = preSolution
		StartupItem = Assembly-CSharp.csproj
		Policies = $0
		$0.TextStylePolicy = $1
		$1.inheritsSet = null
		$1.scope = text/x-csharp
		$0.CSharpFormattingPolicy = $2
		$2.inheritsSet = Mono
		$2.inheritsScope = text/x-csharp
		$2.scope = text/x-csharp
		$0.TextStylePolicy = $3
		$3.FileWidth = 120
		$3.TabWidth = 4
		$3.IndentWidth = 4
		$3.EolMarker = Unix
		$3.inheritsSet = Mono
		$3.inheritsScope = text/plain
		$3.scope = text/plain
	EndGlobalSection

EndGlobal
